// !$*UTF8*$!
{
	archiveVersion = 1;
	classes = {
	};
	objectVersion = 50;
	objects = {

/* Begin PBXBuildFile section */
		BF089CD026B20FF8005AD6B4 /* ScrumdingerApp.swift in Sources */ = {isa = PBXBuildFile; fileRef = BF089CCF26B20FF8005AD6B4 /* ScrumdingerApp.swift */; };
		BF089CD226B20FF8005AD6B4 /* MeetingView.swift in Sources */ = {isa = PBXBuildFile; fileRef = BF089CD126B20FF8005AD6B4 /* MeetingView.swift */; };
		BF089CD426B20FFA005AD6B4 /* Assets.xcassets in Resources */ = {isa = PBXBuildFile; fileRef = BF089CD326B20FFA005AD6B4 /* Assets.xcassets */; };
		BF089CD726B20FFA005AD6B4 /* Preview Assets.xcassets in Resources */ = {isa = PBXBuildFile; fileRef = BF089CD626B20FFA005AD6B4 /* Preview Assets.xcassets */; };
		BF089CE026B26191005AD6B4 /* DailyScrum.swift in Sources */ = {isa = PBXBuildFile; fileRef = BF089CDF26B26191005AD6B4 /* DailyScrum.swift */; };
		BF089CE226B26C49005AD6B4 /* CardView.swift in Sources */ = {isa = PBXBuildFile; fileRef = BF089CE126B26C49005AD6B4 /* CardView.swift */; };
		BF089CE426B27E68005AD6B4 /* Color+Codable.swift in Sources */ = {isa = PBXBuildFile; fileRef = BF089CE326B27E68005AD6B4 /* Color+Codable.swift */; };
		BF089CE626B2958F005AD6B4 /* ScrumsView.swift in Sources */ = {isa = PBXBuildFile; fileRef = BF089CE526B2958F005AD6B4 /* ScrumsView.swift */; };
		BF089CE826B2AED8005AD6B4 /* DetailView.swift in Sources */ = {isa = PBXBuildFile; fileRef = BF089CE726B2AED8005AD6B4 /* DetailView.swift */; };
		BF089CEA26B37285005AD6B4 /* EditView.swift in Sources */ = {isa = PBXBuildFile; fileRef = BF089CE926B37285005AD6B4 /* EditView.swift */; };
/* End PBXBuildFile section */

/* Begin PBXFileReference section */
		BF089CCC26B20FF8005AD6B4 /* Scrumdinger.app */ = {isa = PBXFileReference; explicitFileType = wrapper.application; includeInIndex = 0; path = Scrumdinger.app; sourceTree = BUILT_PRODUCTS_DIR; };
		BF089CCF26B20FF8005AD6B4 /* ScrumdingerApp.swift */ = {isa = PBXFileReference; lastKnownFileType = sourcecode.swift; path = ScrumdingerApp.swift; sourceTree = "<group>"; };
		BF089CD126B20FF8005AD6B4 /* MeetingView.swift */ = {isa = PBXFileReference; lastKnownFileType = sourcecode.swift; path = MeetingView.swift; sourceTree = "<group>"; };
		BF089CD326B20FFA005AD6B4 /* Assets.xcassets */ = {isa = PBXFileReference; lastKnownFileType = folder.assetcatalog; path = Assets.xcassets; sourceTree = "<group>"; };
		BF089CD626B20FFA005AD6B4 /* Preview Assets.xcassets */ = {isa = PBXFileReference; lastKnownFileType = folder.assetcatalog; path = "Preview Assets.xcassets"; sourceTree = "<group>"; };
		BF089CD826B20FFA005AD6B4 /* Info.plist */ = {isa = PBXFileReference; lastKnownFileType = text.plist.xml; path = Info.plist; sourceTree = "<group>"; };
		BF089CDF26B26191005AD6B4 /* DailyScrum.swift */ = {isa = PBXFileReference; lastKnownFileType = sourcecode.swift; path = DailyScrum.swift; sourceTree = "<group>"; };
		BF089CE126B26C49005AD6B4 /* CardView.swift */ = {isa = PBXFileReference; lastKnownFileType = sourcecode.swift; path = CardView.swift; sourceTree = "<group>"; };
		BF089CE326B27E68005AD6B4 /* Color+Codable.swift */ = {isa = PBXFileReference; lastKnownFileType = sourcecode.swift; path = "Color+Codable.swift"; sourceTree = "<group>"; };
		BF089CE526B2958F005AD6B4 /* ScrumsView.swift */ = {isa = PBXFileReference; lastKnownFileType = sourcecode.swift; path = ScrumsView.swift; sourceTree = "<group>"; };
		BF089CE726B2AED8005AD6B4 /* DetailView.swift */ = {isa = PBXFileReference; lastKnownFileType = sourcecode.swift; path = DetailView.swift; sourceTree = "<group>"; };
		BF089CE926B37285005AD6B4 /* EditView.swift */ = {isa = PBXFileReference; lastKnownFileType = sourcecode.swift; path = EditView.swift; sourceTree = "<group>"; };
/* End PBXFileReference section */

/* Begin PBXFrameworksBuildPhase section */
		BF089CC926B20FF8005AD6B4 /* Frameworks */ = {
			isa = PBXFrameworksBuildPhase;
			buildActionMask = 2147483647;
			files = (
			);
			runOnlyForDeploymentPostprocessing = 0;
		};
/* End PBXFrameworksBuildPhase section */

/* Begin PBXGroup section */
		BF089CC326B20FF8005AD6B4 = {
			isa = PBXGroup;
			children = (
				BF089CCE26B20FF8005AD6B4 /* Scrumdinger */,
				BF089CCD26B20FF8005AD6B4 /* Products */,
			);
			sourceTree = "<group>";
		};
		BF089CCD26B20FF8005AD6B4 /* Products */ = {
			isa = PBXGroup;
			children = (
				BF089CCC26B20FF8005AD6B4 /* Scrumdinger.app */,
			);
			name = Products;
			sourceTree = "<group>";
		};
		BF089CCE26B20FF8005AD6B4 /* Scrumdinger */ = {
			isa = PBXGroup;
			children = (
				BF089CDE26B26158005AD6B4 /* Models */,
				BF089CCF26B20FF8005AD6B4 /* ScrumdingerApp.swift */,
				BF089CD126B20FF8005AD6B4 /* MeetingView.swift */,
				BF089CD326B20FFA005AD6B4 /* Assets.xcassets */,
				BF089CD826B20FFA005AD6B4 /* Info.plist */,
				BF089CD526B20FFA005AD6B4 /* Preview Content */,
				BF089CE126B26C49005AD6B4 /* CardView.swift */,
				BF089CE526B2958F005AD6B4 /* ScrumsView.swift */,
				BF089CE726B2AED8005AD6B4 /* DetailView.swift */,
				BF089CE926B37285005AD6B4 /* EditView.swift */,
			);
			path = Scrumdinger;
			sourceTree = "<group>";
		};
		BF089CD526B20FFA005AD6B4 /* Preview Content */ = {
			isa = PBXGroup;
			children = (
				BF089CD626B20FFA005AD6B4 /* Preview Assets.xcassets */,
			);
			path = "Preview Content";
			sourceTree = "<group>";
		};
		BF089CDE26B26158005AD6B4 /* Models */ = {
			isa = PBXGroup;
			children = (
				BF089CDF26B26191005AD6B4 /* DailyScrum.swift */,
				BF089CE326B27E68005AD6B4 /* Color+Codable.swift */,
			);
			path = Models;
			sourceTree = "<group>";
		};
/* End PBXGroup section */

/* Begin PBXNativeTarget section */
		BF089CCB26B20FF8005AD6B4 /* Scrumdinger */ = {
			isa = PBXNativeTarget;
			buildConfigurationList = BF089CDB26B20FFA005AD6B4 /* Build configuration list for PBXNativeTarget "Scrumdinger" */;
			buildPhases = (
				BF089CC826B20FF8005AD6B4 /* Sources */,
				BF089CC926B20FF8005AD6B4 /* Frameworks */,
				BF089CCA26B20FF8005AD6B4 /* Resources */,
			);
			buildRules = (
			);
			dependencies = (
			);
			name = Scrumdinger;
			productName = Scrumdinger;
			productReference = BF089CCC26B20FF8005AD6B4 /* Scrumdinger.app */;
			productType = "com.apple.product-type.application";
		};
/* End PBXNativeTarget section */

/* Begin PBXProject section */
		BF089CC426B20FF8005AD6B4 /* Project object */ = {
			isa = PBXProject;
			attributes = {
				LastSwiftUpdateCheck = 1250;
				LastUpgradeCheck = 1250;
				TargetAttributes = {
					BF089CCB26B20FF8005AD6B4 = {
						CreatedOnToolsVersion = 12.5.1;
					};
				};
			};
			buildConfigurationList = BF089CC726B20FF8005AD6B4 /* Build configuration list for PBXProject "Scrumdinger" */;
			compatibilityVersion = "Xcode 9.3";
			developmentRegion = en;
			hasScannedForEncodings = 0;
			knownRegions = (
				en,
				Base,
			);
			mainGroup = BF089CC326B20FF8005AD6B4;
			productRefGroup = BF089CCD26B20FF8005AD6B4 /* Products */;
			projectDirPath = "";
			projectRoot = "";
			targets = (
				BF089CCB26B20FF8005AD6B4 /* Scrumdinger */,
			);
		};
/* End PBXProject section */

/* Begin PBXResourcesBuildPhase section */
		BF089CCA26B20FF8005AD6B4 /* Resources */ = {
			isa = PBXResourcesBuildPhase;
			buildActionMask = 2147483647;
			files = (
				BF089CD726B20FFA005AD6B4 /* Preview Assets.xcassets in Resources */,
				BF089CD426B20FFA005AD6B4 /* Assets.xcassets in Resources */,
			);
			runOnlyForDeploymentPostprocessing = 0;
		};
/* End PBXResourcesBuildPhase section */

/* Begin PBXSourcesBuildPhase section */
		BF089CC826B20FF8005AD6B4 /* Sources */ = {
			isa = PBXSourcesBuildPhase;
			buildActionMask = 2147483647;
			files = (
				BF089CEA26B37285005AD6B4 /* EditView.swift in Sources */,
				BF089CD226B20FF8005AD6B4 /* MeetingView.swift in Sources */,
				BF089CE626B2958F005AD6B4 /* ScrumsView.swift in Sources */,
				BF089CE026B26191005AD6B4 /* DailyScrum.swift in Sources */,
				BF089CE826B2AED8005AD6B4 /* DetailView.swift in Sources */,
				BF089CE226B26C49005AD6B4 /* CardView.swift in Sources */,
				BF089CE426B27E68005AD6B4 /* Color+Codable.swift in Sources */,
				BF089CD026B20FF8005AD6B4 /* ScrumdingerApp.swift in Sources */,
			);
			runOnlyForDeploymentPostprocessing = 0;
		};
/* End PBXSourcesBuildPhase section */

/* Begin XCBuildConfiguration section */
		BF089CD926B20FFA005AD6B4 /* Debug */ = {
			isa = XCBuildConfiguration;
			buildSettings = {
				ALWAYS_SEARCH_USER_PATHS = NO;
				CLANG_ANALYZER_NONNULL = YES;
				CLANG_ANALYZER_NUMBER_OBJECT_CONVERSION = YES_AGGRESSIVE;
				CLANG_CXX_LANGUAGE_STANDARD = "gnu++14";
				CLANG_CXX_LIBRARY = "libc++";
				CLANG_ENABLE_MODULES = YES;
				CLANG_ENABLE_OBJC_ARC = YES;
				CLANG_ENABLE_OBJC_WEAK = YES;
				CLANG_WARN_BLOCK_CAPTURE_AUTORELEASING = YES;
				CLANG_WARN_BOOL_CONVERSION = YES;
				CLANG_WARN_COMMA = YES;
				CLANG_WARN_CONSTANT_CONVERSION = YES;
				CLANG_WARN_DEPRECATED_OBJC_IMPLEMENTATIONS = YES;
				CLANG_WARN_DIRECT_OBJC_ISA_USAGE = YES_ERROR;
				CLANG_WARN_DOCUMENTATION_COMMENTS = YES;
				CLANG_WARN_EMPTY_BODY = YES;
				CLANG_WARN_ENUM_CONVERSION = YES;
				CLANG_WARN_INFINITE_RECURSION = YES;
				CLANG_WARN_INT_CONVERSION = YES;
				CLANG_WARN_NON_LITERAL_NULL_CONVERSION = YES;
				CLANG_WARN_OBJC_IMPLICIT_RETAIN_SELF = YES;
				CLANG_WARN_OBJC_LITERAL_CONVERSION = YES;
				CLANG_WARN_OBJC_ROOT_CLASS = YES_ERROR;
				CLANG_WARN_QUOTED_INCLUDE_IN_FRAMEWORK_HEADER = YES;
				CLANG_WARN_RANGE_LOOP_ANALYSIS = YES;
				CLANG_WARN_STRICT_PROTOTYPES = YES;
				CLANG_WARN_SUSPICIOUS_MOVE = YES;
				CLANG_WARN_UNGUARDED_AVAILABILITY = YES_AGGRESSIVE;
				CLANG_WARN_UNREACHABLE_CODE = YES;
				CLANG_WARN__DUPLICATE_METHOD_MATCH = YES;
				COPY_PHASE_STRIP = NO;
				DEBUG_INFORMATION_FORMAT = dwarf;
				ENABLE_STRICT_OBJC_MSGSEND = YES;
				ENABLE_TESTABILITY = YES;
				GCC_C_LANGUAGE_STANDARD = gnu11;
				GCC_DYNAMIC_NO_PIC = NO;
				GCC_NO_COMMON_BLOCKS = YES;
				GCC_OPTIMIZATION_LEVEL = 0;
				GCC_PREPROCESSOR_DEFINITIONS = (
					"DEBUG=1",
					"$(inherited)",
				);
				GCC_WARN_64_TO_32_BIT_CONVERSION = YES;
				GCC_WARN_ABOUT_RETURN_TYPE = YES_ERROR;
				GCC_WARN_UNDECLARED_SELECTOR = YES;
				GCC_WARN_UNINITIALIZED_AUTOS = YES_AGGRESSIVE;
				GCC_WARN_UNUSED_FUNCTION = YES;
				GCC_WARN_UNUSED_VARIABLE = YES;
				IPHONEOS_DEPLOYMENT_TARGET = 14.5;
				MTL_ENABLE_DEBUG_INFO = INCLUDE_SOURCE;
				MTL_FAST_MATH = YES;
				ONLY_ACTIVE_ARCH = YES;
				SDKROOT = iphoneos;
				SWIFT_ACTIVE_COMPILATION_CONDITIONS = DEBUG;
				SWIFT_OPTIMIZATION_LEVEL = "-Onone";
			};
			name = Debug;
		};
		BF089CDA26B20FFA005AD6B4 /* Release */ = {
			isa = XCBuildConfiguration;
			buildSettings = {
				ALWAYS_SEARCH_USER_PATHS = NO;
				CLANG_ANALYZER_NONNULL = YES;
				CLANG_ANALYZER_NUMBER_OBJECT_CONVERSION = YES_AGGRESSIVE;
				CLANG_CXX_LANGUAGE_STANDARD = "gnu++14";
				CLANG_CXX_LIBRARY = "libc++";
				CLANG_ENABLE_MODULES = YES;
				CLANG_ENABLE_OBJC_ARC = YES;
				CLANG_ENABLE_OBJC_WEAK = YES;
				CLANG_WARN_BLOCK_CAPTURE_AUTORELEASING = YES;
				CLANG_WARN_BOOL_CONVERSION = YES;
				CLANG_WARN_COMMA = YES;
				CLANG_WARN_CONSTANT_CONVERSION = YES;
				CLANG_WARN_DEPRECATED_OBJC_IMPLEMENTATIONS = YES;
				CLANG_WARN_DIRECT_OBJC_ISA_USAGE = YES_ERROR;
				CLANG_WARN_DOCUMENTATION_COMMENTS = YES;
				CLANG_WARN_EMPTY_BODY = YES;
				CLANG_WARN_ENUM_CONVERSION = YES;
				CLANG_WARN_INFINITE_RECURSION = YES;
				CLANG_WARN_INT_CONVERSION = YES;
				CLANG_WARN_NON_LITERAL_NULL_CONVERSION = YES;
				CLANG_WARN_OBJC_IMPLICIT_RETAIN_SELF = YES;
				CLANG_WARN_OBJC_LITERAL_CONVERSION = YES;
				CLANG_WARN_OBJC_ROOT_CLASS = YES_ERROR;
				CLANG_WARN_QUOTED_INCLUDE_IN_FRAMEWORK_HEADER = YES;
				CLANG_WARN_RANGE_LOOP_ANALYSIS = YES;
				CLANG_WARN_STRICT_PROTOTYPES = YES;
				CLANG_WARN_SUSPICIOUS_MOVE = YES;
				CLANG_WARN_UNGUARDED_AVAILABILITY = YES_AGGRESSIVE;
				CLANG_WARN_UNREACHABLE_CODE = YES;
				CLANG_WARN__DUPLICATE_METHOD_MATCH = YES;
				COPY_PHASE_STRIP = NO;
				DEBUG_INFORMATION_FORMAT = "dwarf-with-dsym";
				ENABLE_NS_ASSERTIONS = NO;
				ENABLE_STRICT_OBJC_MSGSEND = YES;
				GCC_C_LANGUAGE_STANDARD = gnu11;
				GCC_NO_COMMON_BLOCKS = YES;
				GCC_WARN_64_TO_32_BIT_CONVERSION = YES;
				GCC_WARN_ABOUT_RETURN_TYPE = YES_ERROR;
				GCC_WARN_UNDECLARED_SELECTOR = YES;
				GCC_WARN_UNINITIALIZED_AUTOS = YES_AGGRESSIVE;
				GCC_WARN_UNUSED_FUNCTION = YES;
				GCC_WARN_UNUSED_VARIABLE = YES;
				IPHONEOS_DEPLOYMENT_TARGET = 14.5;
				MTL_ENABLE_DEBUG_INFO = NO;
				MTL_FAST_MATH = YES;
				SDKROOT = iphoneos;
				SWIFT_COMPILATION_MODE = wholemodule;
				SWIFT_OPTIMIZATION_LEVEL = "-O";
				VALIDATE_PRODUCT = YES;
			};
			name = Release;
		};
		BF089CDC26B20FFA005AD6B4 /* Debug */ = {
			isa = XCBuildConfiguration;
			buildSettings = {
				ASSETCATALOG_COMPILER_APPICON_NAME = AppIcon;
				ASSETCATALOG_COMPILER_GLOBAL_ACCENT_COLOR_NAME = AccentColor;
				CODE_SIGN_STYLE = Automatic;
				DEVELOPMENT_ASSET_PATHS = "\"Scrumdinger/Preview Content\"";
				ENABLE_PREVIEWS = YES;
				INFOPLIST_FILE = Scrumdinger/Info.plist;
				IPHONEOS_DEPLOYMENT_TARGET = 14.0;
				LD_RUNPATH_SEARCH_PATHS = (
					"$(inherited)",
					"@executable_path/Frameworks",
				);
				PRODUCT_BUNDLE_IDENTIFIER = "com.example.apple-samplecode.Scrumdinger";
				PRODUCT_NAME = "$(TARGET_NAME)";
				SWIFT_VERSION = 5.0;
				TARGETED_DEVICE_FAMILY = "1,2";
			};
			name = Debug;
		};
		BF089CDD26B20FFA005AD6B4 /* Release */ = {
			isa = XCBuildConfiguration;
			buildSettings = {
				ASSETCATALOG_COMPILER_APPICON_NAME = AppIcon;
				ASSETCATALOG_COMPILER_GLOBAL_ACCENT_COLOR_NAME = AccentColor;
				CODE_SIGN_STYLE = Automatic;
				DEVELOPMENT_ASSET_PATHS = "\"Scrumdinger/Preview Content\"";
				ENABLE_PREVIEWS = YES;
				INFOPLIST_FILE = Scrumdinger/Info.plist;
				IPHONEOS_DEPLOYMENT_TARGET = 14.0;
				LD_RUNPATH_SEARCH_PATHS = (
					"$(inherited)",
					"@executable_path/Frameworks",
				);
				PRODUCT_BUNDLE_IDENTIFIER = "com.example.apple-samplecode.Scrumdinger";
				PRODUCT_NAME = "$(TARGET_NAME)";
				SWIFT_VERSION = 5.0;
				TARGETED_DEVICE_FAMILY = "1,2";
			};
			name = Release;
		};
/* End XCBuildConfiguration section */

/* Begin XCConfigurationList section */
		BF089CC726B20FF8005AD6B4 /* Build configuration list for PBXProject "Scrumdinger" */ = {
			isa = XCConfigurationList;
			buildConfigurations = (
				BF089CD926B20FFA005AD6B4 /* Debug */,
				BF089CDA26B20FFA005AD6B4 /* Release */,
			);
			defaultConfigurationIsVisible = 0;
			defaultConfigurationName = Release;
		};
		BF089CDB26B20FFA005AD6B4 /* Build configuration list for PBXNativeTarget "Scrumdinger" */ = {
			isa = XCConfigurationList;
			buildConfigurations = (
				BF089CDC26B20FFA005AD6B4 /* Debug */,
				BF089CDD26B20FFA005AD6B4 /* Release */,
			);
			defaultConfigurationIsVisible = 0;
			defaultConfigurationName = Release;
		};
/* End XCConfigurationList section */
	};
	rootObject = BF089CC426B20FF8005AD6B4 /* Project object */;
}
